
Microsoft Visual Studio Solution File, Format Version 12.00
# Visual Studio Version 17
VisualStudioVersion = 17.9.34616.47
MinimumVisualStudioVersion = 10.0.40219.1
Project("{FAE04EC0-301F-11D3-BF4B-00C04F79EFBC}") = "eCommerceLibrary", "eCommerceLibrary\eCommerceLibrary.csproj", "{B9B1A88D-FF87-4E23-90FC-5F5582D21DFE}"
EndProject
Global
	GlobalSection(SolutionConfigurationPlatforms) = preSolution
		Debug|Any CPU = Debug|Any CPU
		Release|Any CPU = Release|Any CPU
	EndGlobalSection
	GlobalSection(ProjectConfigurationPlatforms) = postSolution
		{B9B1A88D-FF87-4E23-90FC-5F5582D21DFE}.Debug|Any CPU.ActiveCfg = Debug|Any CPU
		{B9B1A88D-FF87-4E23-90FC-5F5582D21DFE}.Debug|Any CPU.Build.0 = Debug|Any CPU
		{B9B1A88D-FF87-4E23-90FC-5F5582D21DFE}.Release|Any CPU.ActiveCfg = Release|Any CPU
		{B9B1A88D-FF87-4E23-90FC-5F5582D21DFE}.Release|Any CPU.Build.0 = Release|Any CPU
	EndGlobalSection
	GlobalSection(SolutionProperties) = preSolution
		HideSolutionNode = FALSE
	EndGlobalSection
	GlobalSection(ExtensibilityGlobals) = postSolution
		SolutionGuid = {8FE147E0-DF27-4AAE-AEC8-81FEEDA478E6}
	EndGlobalSection
EndGlobal
